// !$*UTF8*$!
{
	archiveVersion = 1;
	classes = {
	};
	objectVersion = 46;
	objects = {

/* Begin PBXBuildFile section */
		B40D54F51F40E046006DFC1F /* AppDelegate.swift in Sources */ = {isa = PBXBuildFile; fileRef = B40D54F41F40E046006DFC1F /* AppDelegate.swift */; };
		B40D54F71F40E046006DFC1F /* ViewController.swift in Sources */ = {isa = PBXBuildFile; fileRef = B40D54F61F40E046006DFC1F /* ViewController.swift */; };
		B40D54FA1F40E046006DFC1F /* Main.storyboard in Resources */ = {isa = PBXBuildFile; fileRef = B40D54F81F40E046006DFC1F /* Main.storyboard */; };
		B40D54FC1F40E046006DFC1F /* Assets.xcassets in Resources */ = {isa = PBXBuildFile; fileRef = B40D54FB1F40E046006DFC1F /* Assets.xcassets */; };
		B40D54FF1F40E046006DFC1F /* LaunchScreen.storyboard in Resources */ = {isa = PBXBuildFile; fileRef = B40D54FD1F40E046006DFC1F /* LaunchScreen.storyboard */; };
		B45719F41F468AE2001DB291 /* QuotesModel.swift in Sources */ = {isa = PBXBuildFile; fileRef = B45719F31F468AE2001DB291 /* QuotesModel.swift */; };
		B46CF1521F4625610023EBF1 /* MyQuotesViewController.swift in Sources */ = {isa = PBXBuildFile; fileRef = B46CF1511F4625610023EBF1 /* MyQuotesViewController.swift */; };
		B49EDF401F5E718F00A4DF2C /* QuoteDetailViewController.swift in Sources */ = {isa = PBXBuildFile; fileRef = B49EDF3F1F5E718F00A4DF2C /* QuoteDetailViewController.swift */; };
		B4B92E0D1F59FD520039738A /* FBSDKCoreKit.framework in Frameworks */ = {isa = PBXBuildFile; fileRef = B4B92E0A1F59FD520039738A /* FBSDKCoreKit.framework */; };
		B4B92E0E1F59FD520039738A /* FBSDKLoginKit.framework in Frameworks */ = {isa = PBXBuildFile; fileRef = B4B92E0B1F59FD520039738A /* FBSDKLoginKit.framework */; };
		B4B92E0F1F59FD520039738A /* FBSDKShareKit.framework in Frameworks */ = {isa = PBXBuildFile; fileRef = B4B92E0C1F59FD520039738A /* FBSDKShareKit.framework */; };
		B4B92E151F5A26E30039738A /* User.swift in Sources */ = {isa = PBXBuildFile; fileRef = B4B92E141F5A26E30039738A /* User.swift */; };
		B4DC6CD81F5600F7003AC4C7 /* Login.storyboard in Resources */ = {isa = PBXBuildFile; fileRef = B4DC6CD71F5600F7003AC4C7 /* Login.storyboard */; };
		B4E48B411F578C1600BF7AC5 /* SettingsViewController.swift in Sources */ = {isa = PBXBuildFile; fileRef = B4E48B401F578C1600BF7AC5 /* SettingsViewController.swift */; };
		B4E48B431F578DAA00BF7AC5 /* LoginViewController.swift in Sources */ = {isa = PBXBuildFile; fileRef = B4E48B421F578DAA00BF7AC5 /* LoginViewController.swift */; };
		B4E48B451F578DD800BF7AC5 /* SafariServices.framework in Frameworks */ = {isa = PBXBuildFile; fileRef = B4E48B441F578DD800BF7AC5 /* SafariServices.framework */; };
		B4E48B471F57946400BF7AC5 /* Alerts.swift in Sources */ = {isa = PBXBuildFile; fileRef = B4E48B461F57946400BF7AC5 /* Alerts.swift */; };
		B4E48B491F57984100BF7AC5 /* TabViewController.swift in Sources */ = {isa = PBXBuildFile; fileRef = B4E48B481F57984100BF7AC5 /* TabViewController.swift */; };
		B8943730D7BC3A0AD74CC33E /* Pods_HappyMorning.framework in Frameworks */ = {isa = PBXBuildFile; fileRef = 2537506D7C2E928088D00328 /* Pods_HappyMorning.framework */; settings = {ATTRIBUTES = (Weak, ); }; };
/* End PBXBuildFile section */

/* Begin PBXFileReference section */
		2537506D7C2E928088D00328 /* Pods_HappyMorning.framework */ = {isa = PBXFileReference; explicitFileType = wrapper.framework; includeInIndex = 0; path = Pods_HappyMorning.framework; sourceTree = BUILT_PRODUCTS_DIR; };
		B40D54F11F40E046006DFC1F /* HappyMorning.app */ = {isa = PBXFileReference; explicitFileType = wrapper.application; includeInIndex = 0; path = HappyMorning.app; sourceTree = BUILT_PRODUCTS_DIR; };
		B40D54F41F40E046006DFC1F /* AppDelegate.swift */ = {isa = PBXFileReference; lastKnownFileType = sourcecode.swift; path = AppDelegate.swift; sourceTree = "<group>"; };
		B40D54F61F40E046006DFC1F /* ViewController.swift */ = {isa = PBXFileReference; lastKnownFileType = sourcecode.swift; path = ViewController.swift; sourceTree = "<group>"; };
		B40D54F91F40E046006DFC1F /* Base */ = {isa = PBXFileReference; lastKnownFileType = file.storyboard; name = Base; path = Base.lproj/Main.storyboard; sourceTree = "<group>"; };
		B40D54FB1F40E046006DFC1F /* Assets.xcassets */ = {isa = PBXFileReference; lastKnownFileType = folder.assetcatalog; path = Assets.xcassets; sourceTree = "<group>"; };
		B40D54FE1F40E046006DFC1F /* Base */ = {isa = PBXFileReference; lastKnownFileType = file.storyboard; name = Base; path = Base.lproj/LaunchScreen.storyboard; sourceTree = "<group>"; };
		B40D55001F40E046006DFC1F /* Info.plist */ = {isa = PBXFileReference; lastKnownFileType = text.plist.xml; path = Info.plist; sourceTree = "<group>"; };
		B45719F31F468AE2001DB291 /* QuotesModel.swift */ = {isa = PBXFileReference; fileEncoding = 4; lastKnownFileType = sourcecode.swift; path = QuotesModel.swift; sourceTree = "<group>"; };
		B46CF1511F4625610023EBF1 /* MyQuotesViewController.swift */ = {isa = PBXFileReference; fileEncoding = 4; lastKnownFileType = sourcecode.swift; path = MyQuotesViewController.swift; sourceTree = "<group>"; };
		B49EDF3F1F5E718F00A4DF2C /* QuoteDetailViewController.swift */ = {isa = PBXFileReference; fileEncoding = 4; lastKnownFileType = sourcecode.swift; path = QuoteDetailViewController.swift; sourceTree = "<group>"; };
		B4B92E0A1F59FD520039738A /* FBSDKCoreKit.framework */ = {isa = PBXFileReference; lastKnownFileType = wrapper.framework; name = FBSDKCoreKit.framework; path = "../../../../Downloads/FacebookSDKs-iOS-4.26.0 (2)/FBSDKCoreKit.framework"; sourceTree = "<group>"; };
		B4B92E0B1F59FD520039738A /* FBSDKLoginKit.framework */ = {isa = PBXFileReference; lastKnownFileType = wrapper.framework; name = FBSDKLoginKit.framework; path = "../../../../Downloads/FacebookSDKs-iOS-4.26.0 (2)/FBSDKLoginKit.framework"; sourceTree = "<group>"; };
		B4B92E0C1F59FD520039738A /* FBSDKShareKit.framework */ = {isa = PBXFileReference; lastKnownFileType = wrapper.framework; name = FBSDKShareKit.framework; path = "../../../../Downloads/FacebookSDKs-iOS-4.26.0 (2)/FBSDKShareKit.framework"; sourceTree = "<group>"; };
		B4B92E141F5A26E30039738A /* User.swift */ = {isa = PBXFileReference; fileEncoding = 4; lastKnownFileType = sourcecode.swift; path = User.swift; sourceTree = "<group>"; };
		B4DC6CD71F5600F7003AC4C7 /* Login.storyboard */ = {isa = PBXFileReference; fileEncoding = 4; lastKnownFileType = file.storyboard; path = Login.storyboard; sourceTree = "<group>"; };
		B4E48B401F578C1600BF7AC5 /* SettingsViewController.swift */ = {isa = PBXFileReference; fileEncoding = 4; lastKnownFileType = sourcecode.swift; path = SettingsViewController.swift; sourceTree = "<group>"; };
		B4E48B421F578DAA00BF7AC5 /* LoginViewController.swift */ = {isa = PBXFileReference; fileEncoding = 4; lastKnownFileType = sourcecode.swift; path = LoginViewController.swift; sourceTree = "<group>"; };
		B4E48B441F578DD800BF7AC5 /* SafariServices.framework */ = {isa = PBXFileReference; lastKnownFileType = wrapper.framework; name = SafariServices.framework; path = System/Library/Frameworks/SafariServices.framework; sourceTree = SDKROOT; };
		B4E48B461F57946400BF7AC5 /* Alerts.swift */ = {isa = PBXFileReference; fileEncoding = 4; lastKnownFileType = sourcecode.swift; path = Alerts.swift; sourceTree = "<group>"; };
		B4E48B481F57984100BF7AC5 /* TabViewController.swift */ = {isa = PBXFileReference; fileEncoding = 4; lastKnownFileType = sourcecode.swift; path = TabViewController.swift; sourceTree = "<group>"; };
		C919A35BA2F98977A2E72080 /* Pods-HappyMorning.release.xcconfig */ = {isa = PBXFileReference; includeInIndex = 1; lastKnownFileType = text.xcconfig; name = "Pods-HappyMorning.release.xcconfig"; path = "Pods/Target Support Files/Pods-HappyMorning/Pods-HappyMorning.release.xcconfig"; sourceTree = "<group>"; };
		DF4AEBFD37C487EDAEE45DE2 /* Pods-HappyMorning.debug.xcconfig */ = {isa = PBXFileReference; includeInIndex = 1; lastKnownFileType = text.xcconfig; name = "Pods-HappyMorning.debug.xcconfig"; path = "Pods/Target Support Files/Pods-HappyMorning/Pods-HappyMorning.debug.xcconfig"; sourceTree = "<group>"; };
/* End PBXFileReference section */

/* Begin PBXFrameworksBuildPhase section */
		B40D54EE1F40E046006DFC1F /* Frameworks */ = {
			isa = PBXFrameworksBuildPhase;
			buildActionMask = 2147483647;
			files = (
				B4B92E0D1F59FD520039738A /* FBSDKCoreKit.framework in Frameworks */,
				B4B92E0E1F59FD520039738A /* FBSDKLoginKit.framework in Frameworks */,
				B4B92E0F1F59FD520039738A /* FBSDKShareKit.framework in Frameworks */,
				B4E48B451F578DD800BF7AC5 /* SafariServices.framework in Frameworks */,
				B8943730D7BC3A0AD74CC33E /* Pods_HappyMorning.framework in Frameworks */,
			);
			runOnlyForDeploymentPostprocessing = 0;
		};
/* End PBXFrameworksBuildPhase section */

/* Begin PBXGroup section */
		22EE1B3C086BEB8ADD77D0F5 /* Frameworks */ = {
			isa = PBXGroup;
			children = (
				B4B92E0A1F59FD520039738A /* FBSDKCoreKit.framework */,
				B4B92E0B1F59FD520039738A /* FBSDKLoginKit.framework */,
				B4B92E0C1F59FD520039738A /* FBSDKShareKit.framework */,
				B4E48B441F578DD800BF7AC5 /* SafariServices.framework */,
				2537506D7C2E928088D00328 /* Pods_HappyMorning.framework */,
			);
			name = Frameworks;
			sourceTree = "<group>";
		};
		5797254F4431A0424713112C /* Pods */ = {
			isa = PBXGroup;
			children = (
				DF4AEBFD37C487EDAEE45DE2 /* Pods-HappyMorning.debug.xcconfig */,
				C919A35BA2F98977A2E72080 /* Pods-HappyMorning.release.xcconfig */,
			);
			name = Pods;
			sourceTree = "<group>";
		};
		B40D54E81F40E046006DFC1F = {
			isa = PBXGroup;
			children = (
				B40D54F31F40E046006DFC1F /* HappyMorning */,
				B40D54F21F40E046006DFC1F /* Products */,
				5797254F4431A0424713112C /* Pods */,
				22EE1B3C086BEB8ADD77D0F5 /* Frameworks */,
			);
			sourceTree = "<group>";
		};
		B40D54F21F40E046006DFC1F /* Products */ = {
			isa = PBXGroup;
			children = (
				B40D54F11F40E046006DFC1F /* HappyMorning.app */,
			);
			name = Products;
			sourceTree = "<group>";
		};
		B40D54F31F40E046006DFC1F /* HappyMorning */ = {
			isa = PBXGroup;
			children = (
				B4E48B4C1F57C61300BF7AC5 /* Model */,
				B4E48B4B1F57C5AB00BF7AC5 /* Main Screens */,
				B4E48B4A1F57C59000BF7AC5 /* Login  */,
				B46CF1531F4625700023EBF1 /* Supporting Files */,
			);
			path = HappyMorning;
			sourceTree = "<group>";
		};
		B46CF1531F4625700023EBF1 /* Supporting Files */ = {
			isa = PBXGroup;
			children = (
				B40D54F41F40E046006DFC1F /* AppDelegate.swift */,
				B40D54FB1F40E046006DFC1F /* Assets.xcassets */,
				B40D54FD1F40E046006DFC1F /* LaunchScreen.storyboard */,
				B40D55001F40E046006DFC1F /* Info.plist */,
			);
			name = "Supporting Files";
			sourceTree = "<group>";
		};
		B4E48B4A1F57C59000BF7AC5 /* Login  */ = {
			isa = PBXGroup;
			children = (
				B4E48B421F578DAA00BF7AC5 /* LoginViewController.swift */,
				B4DC6CD71F5600F7003AC4C7 /* Login.storyboard */,
			);
			name = "Login ";
			sourceTree = "<group>";
		};
		B4E48B4B1F57C5AB00BF7AC5 /* Main Screens */ = {
			isa = PBXGroup;
			children = (
				B40D54F61F40E046006DFC1F /* ViewController.swift */,
				B46CF1511F4625610023EBF1 /* MyQuotesViewController.swift */,
				B4E48B401F578C1600BF7AC5 /* SettingsViewController.swift */,
				B4E48B481F57984100BF7AC5 /* TabViewController.swift */,
				B49EDF3F1F5E718F00A4DF2C /* QuoteDetailViewController.swift */,
				B40D54F81F40E046006DFC1F /* Main.storyboard */,
			);
			name = "Main Screens";
			sourceTree = "<group>";
		};
		B4E48B4C1F57C61300BF7AC5 /* Model */ = {
			isa = PBXGroup;
			children = (
				B45719F31F468AE2001DB291 /* QuotesModel.swift */,
				B4B92E141F5A26E30039738A /* User.swift */,
				B4E48B461F57946400BF7AC5 /* Alerts.swift */,
			);
			name = Model;
			sourceTree = "<group>";
		};
/* End PBXGroup section */

/* Begin PBXNativeTarget section */
		B40D54F01F40E046006DFC1F /* HappyMorning */ = {
			isa = PBXNativeTarget;
			buildConfigurationList = B40D55031F40E046006DFC1F /* Build configuration list for PBXNativeTarget "HappyMorning" */;
			buildPhases = (
				4611E8AE66F71E0713F73E8C /* [CP] Check Pods Manifest.lock */,
				B40D54ED1F40E046006DFC1F /* Sources */,
				B40D54EE1F40E046006DFC1F /* Frameworks */,
				B40D54EF1F40E046006DFC1F /* Resources */,
				05B9287458ED58BF450B9DAA /* [CP] Copy Pods Resources */,
				1BC8C35B53F63427D4F30C24 /* [CP] Embed Pods Frameworks */,
			);
			buildRules = (
			);
			dependencies = (
			);
			name = HappyMorning;
			productName = HappyMorning;
			productReference = B40D54F11F40E046006DFC1F /* HappyMorning.app */;
			productType = "com.apple.product-type.application";
		};
/* End PBXNativeTarget section */

/* Begin PBXProject section */
		B40D54E91F40E046006DFC1F /* Project object */ = {
			isa = PBXProject;
			attributes = {
				LastSwiftUpdateCheck = 0830;
				LastUpgradeCheck = 0830;
				ORGANIZATIONNAME = "Arjun Lalwani";
				TargetAttributes = {
					B40D54F01F40E046006DFC1F = {
						CreatedOnToolsVersion = 8.3.3;
						DevelopmentTeam = WN3QYBSRHG;
						LastSwiftMigration = 0830;
						ProvisioningStyle = Automatic;
					};
				};
			};
			buildConfigurationList = B40D54EC1F40E046006DFC1F /* Build configuration list for PBXProject "HappyMorning" */;
			compatibilityVersion = "Xcode 3.2";
			developmentRegion = English;
			hasScannedForEncodings = 0;
			knownRegions = (
				en,
				Base,
			);
			mainGroup = B40D54E81F40E046006DFC1F;
			productRefGroup = B40D54F21F40E046006DFC1F /* Products */;
			projectDirPath = "";
			projectRoot = "";
			targets = (
				B40D54F01F40E046006DFC1F /* HappyMorning */,
			);
		};
/* End PBXProject section */

/* Begin PBXResourcesBuildPhase section */
		B40D54EF1F40E046006DFC1F /* Resources */ = {
			isa = PBXResourcesBuildPhase;
			buildActionMask = 2147483647;
			files = (
				B4DC6CD81F5600F7003AC4C7 /* Login.storyboard in Resources */,
				B40D54FF1F40E046006DFC1F /* LaunchScreen.storyboard in Resources */,
				B40D54FC1F40E046006DFC1F /* Assets.xcassets in Resources */,
				B40D54FA1F40E046006DFC1F /* Main.storyboard in Resources */,
			);
			runOnlyForDeploymentPostprocessing = 0;
		};
/* End PBXResourcesBuildPhase section */

/* Begin PBXShellScriptBuildPhase section */
		05B9287458ED58BF450B9DAA /* [CP] Copy Pods Resources */ = {
			isa = PBXShellScriptBuildPhase;
			buildActionMask = 2147483647;
			files = (
			);
			inputPaths = (
			);
			name = "[CP] Copy Pods Resources";
			outputPaths = (
			);
			runOnlyForDeploymentPostprocessing = 0;
			shellPath = /bin/sh;
			shellScript = "\"${SRCROOT}/Pods/Target Support Files/Pods-HappyMorning/Pods-HappyMorning-resources.sh\"\n";
			showEnvVarsInLog = 0;
		};
		1BC8C35B53F63427D4F30C24 /* [CP] Embed Pods Frameworks */ = {
			isa = PBXShellScriptBuildPhase;
			buildActionMask = 2147483647;
			files = (
			);
			inputPaths = (
			);
			name = "[CP] Embed Pods Frameworks";
			outputPaths = (
			);
			runOnlyForDeploymentPostprocessing = 0;
			shellPath = /bin/sh;
			shellScript = "\"${SRCROOT}/Pods/Target Support Files/Pods-HappyMorning/Pods-HappyMorning-frameworks.sh\"\n";
			showEnvVarsInLog = 0;
		};
		4611E8AE66F71E0713F73E8C /* [CP] Check Pods Manifest.lock */ = {
			isa = PBXShellScriptBuildPhase;
			buildActionMask = 2147483647;
			files = (
			);
			inputPaths = (
			);
			name = "[CP] Check Pods Manifest.lock";
			outputPaths = (
			);
			runOnlyForDeploymentPostprocessing = 0;
			shellPath = /bin/sh;
			shellScript = "diff \"${PODS_PODFILE_DIR_PATH}/Podfile.lock\" \"${PODS_ROOT}/Manifest.lock\" > /dev/null\nif [ $? != 0 ] ; then\n    # print error to STDERR\n    echo \"error: The sandbox is not in sync with the Podfile.lock. Run 'pod install' or update your CocoaPods installation.\" >&2\n    exit 1\nfi\n";
			showEnvVarsInLog = 0;
		};
/* End PBXShellScriptBuildPhase section */

/* Begin PBXSourcesBuildPhase section */
		B40D54ED1F40E046006DFC1F /* Sources */ = {
			isa = PBXSourcesBuildPhase;
			buildActionMask = 2147483647;
			files = (
				B4E48B491F57984100BF7AC5 /* TabViewController.swift in Sources */,
				B4E48B431F578DAA00BF7AC5 /* LoginViewController.swift in Sources */,
				B46CF1521F4625610023EBF1 /* MyQuotesViewController.swift in Sources */,
				B40D54F71F40E046006DFC1F /* ViewController.swift in Sources */,
				B45719F41F468AE2001DB291 /* QuotesModel.swift in Sources */,
				B4B92E151F5A26E30039738A /* User.swift in Sources */,
				B4E48B411F578C1600BF7AC5 /* SettingsViewController.swift in Sources */,
				B4E48B471F57946400BF7AC5 /* Alerts.swift in Sources */,
				B49EDF401F5E718F00A4DF2C /* QuoteDetailViewController.swift in Sources */,
				B40D54F51F40E046006DFC1F /* AppDelegate.swift in Sources */,
			);
			runOnlyForDeploymentPostprocessing = 0;
		};
/* End PBXSourcesBuildPhase section */

/* Begin PBXVariantGroup section */
		B40D54F81F40E046006DFC1F /* Main.storyboard */ = {
			isa = PBXVariantGroup;
			children = (
				B40D54F91F40E046006DFC1F /* Base */,
			);
			name = Main.storyboard;
			sourceTree = "<group>";
		};
		B40D54FD1F40E046006DFC1F /* LaunchScreen.storyboard */ = {
			isa = PBXVariantGroup;
			children = (
				B40D54FE1F40E046006DFC1F /* Base */,
			);
			name = LaunchScreen.storyboard;
			sourceTree = "<group>";
		};
/* End PBXVariantGroup section */

/* Begin XCBuildConfiguration section */
		B40D55011F40E046006DFC1F /* Debug */ = {
			isa = XCBuildConfiguration;
			buildSettings = {
				ALWAYS_EMBED_SWIFT_STANDARD_LIBRARIES = YES;
				ALWAYS_SEARCH_USER_PATHS = NO;
				CLANG_ANALYZER_NONNULL = YES;
				CLANG_ANALYZER_NUMBER_OBJECT_CONVERSION = YES_AGGRESSIVE;
				CLANG_CXX_LANGUAGE_STANDARD = "gnu++0x";
				CLANG_CXX_LIBRARY = "libc++";
				CLANG_ENABLE_MODULES = YES;
				CLANG_ENABLE_OBJC_ARC = YES;
				CLANG_WARN_BOOL_CONVERSION = YES;
				CLANG_WARN_CONSTANT_CONVERSION = YES;
				CLANG_WARN_DIRECT_OBJC_ISA_USAGE = YES_ERROR;
				CLANG_WARN_DOCUMENTATION_COMMENTS = YES;
				CLANG_WARN_EMPTY_BODY = YES;
				CLANG_WARN_ENUM_CONVERSION = YES;
				CLANG_WARN_INFINITE_RECURSION = YES;
				CLANG_WARN_INT_CONVERSION = YES;
				CLANG_WARN_OBJC_ROOT_CLASS = YES_ERROR;
				CLANG_WARN_SUSPICIOUS_MOVE = YES;
				CLANG_WARN_UNREACHABLE_CODE = YES;
				CLANG_WARN__DUPLICATE_METHOD_MATCH = YES;
				"CODE_SIGN_IDENTITY[sdk=iphoneos*]" = "iPhone Developer";
				COPY_PHASE_STRIP = NO;
				DEBUG_INFORMATION_FORMAT = dwarf;
				ENABLE_STRICT_OBJC_MSGSEND = YES;
				ENABLE_TESTABILITY = YES;
				GCC_C_LANGUAGE_STANDARD = gnu99;
				GCC_DYNAMIC_NO_PIC = NO;
				GCC_NO_COMMON_BLOCKS = YES;
				GCC_OPTIMIZATION_LEVEL = 0;
				GCC_PREPROCESSOR_DEFINITIONS = (
					"DEBUG=1",
					"$(inherited)",
				);
				GCC_WARN_64_TO_32_BIT_CONVERSION = YES;
				GCC_WARN_ABOUT_RETURN_TYPE = YES_ERROR;
				GCC_WARN_UNDECLARED_SELECTOR = YES;
				GCC_WARN_UNINITIALIZED_AUTOS = YES_AGGRESSIVE;
				GCC_WARN_UNUSED_FUNCTION = YES;
				GCC_WARN_UNUSED_VARIABLE = YES;
				IPHONEOS_DEPLOYMENT_TARGET = 10.3;
				MTL_ENABLE_DEBUG_INFO = YES;
				ONLY_ACTIVE_ARCH = YES;
				SDKROOT = iphoneos;
				SWIFT_ACTIVE_COMPILATION_CONDITIONS = DEBUG;
				SWIFT_OPTIMIZATION_LEVEL = "-Onone";
				TARGETED_DEVICE_FAMILY = "1,2";
			};
			name = Debug;
		};
		B40D55021F40E046006DFC1F /* Release */ = {
			isa = XCBuildConfiguration;
			buildSettings = {
				ALWAYS_EMBED_SWIFT_STANDARD_LIBRARIES = YES;
				ALWAYS_SEARCH_USER_PATHS = NO;
				CLANG_ANALYZER_NONNULL = YES;
				CLANG_ANALYZER_NUMBER_OBJECT_CONVERSION = YES_AGGRESSIVE;
				CLANG_CXX_LANGUAGE_STANDARD = "gnu++0x";
				CLANG_CXX_LIBRARY = "libc++";
				CLANG_ENABLE_MODULES = YES;
				CLANG_ENABLE_OBJC_ARC = YES;
				CLANG_WARN_BOOL_CONVERSION = YES;
				CLANG_WARN_CONSTANT_CONVERSION = YES;
				CLANG_WARN_DIRECT_OBJC_ISA_USAGE = YES_ERROR;
				CLANG_WARN_DOCUMENTATION_COMMENTS = YES;
				CLANG_WARN_EMPTY_BODY = YES;
				CLANG_WARN_ENUM_CONVERSION = YES;
				CLANG_WARN_INFINITE_RECURSION = YES;
				CLANG_WARN_INT_CONVERSION = YES;
				CLANG_WARN_OBJC_ROOT_CLASS = YES_ERROR;
				CLANG_WARN_SUSPICIOUS_MOVE = YES;
				CLANG_WARN_UNREACHABLE_CODE = YES;
				CLANG_WARN__DUPLICATE_METHOD_MATCH = YES;
				"CODE_SIGN_IDENTITY[sdk=iphoneos*]" = "iPhone Developer";
				COPY_PHASE_STRIP = NO;
				DEBUG_INFORMATION_FORMAT = "dwarf-with-dsym";
				ENABLE_NS_ASSERTIONS = NO;
				ENABLE_STRICT_OBJC_MSGSEND = YES;
				GCC_C_LANGUAGE_STANDARD = gnu99;
				GCC_NO_COMMON_BLOCKS = YES;
				GCC_WARN_64_TO_32_BIT_CONVERSION = YES;
				GCC_WARN_ABOUT_RETURN_TYPE = YES_ERROR;
				GCC_WARN_UNDECLARED_SELECTOR = YES;
				GCC_WARN_UNINITIALIZED_AUTOS = YES_AGGRESSIVE;
				GCC_WARN_UNUSED_FUNCTION = YES;
				GCC_WARN_UNUSED_VARIABLE = YES;
				IPHONEOS_DEPLOYMENT_TARGET = 10.3;
				MTL_ENABLE_DEBUG_INFO = NO;
				PRODUCT_NAME = "Happy Morning";
				SDKROOT = iphoneos;
				SWIFT_OPTIMIZATION_LEVEL = "-Owholemodule";
				TARGETED_DEVICE_FAMILY = "1,2";
				VALIDATE_PRODUCT = YES;
			};
			name = Release;
		};
		B40D55041F40E046006DFC1F /* Debug */ = {
			isa = XCBuildConfiguration;
			baseConfigurationReference = DF4AEBFD37C487EDAEE45DE2 /* Pods-HappyMorning.debug.xcconfig */;
			buildSettings = {
				ALWAYS_EMBED_SWIFT_STANDARD_LIBRARIES = YES;
				ASSETCATALOG_COMPILER_APPICON_NAME = AppIcon;
				CLANG_ENABLE_MODULES = YES;
				CODE_SIGN_IDENTITY = "iPhone Developer";
				"CODE_SIGN_IDENTITY[sdk=iphoneos*]" = "iPhone Developer";
				DEVELOPMENT_TEAM = WN3QYBSRHG;
				ENABLE_BITCODE = NO;
				INFOPLIST_FILE = HappyMorning/Info.plist;
				LD_RUNPATH_SEARCH_PATHS = "$(inherited) @executable_path/Frameworks";
				PRODUCT_BUNDLE_IDENTIFIER = com.Arjun.HappyMorning;
				PRODUCT_NAME = "$(TARGET_NAME)";
				PROVISIONING_PROFILE_SPECIFIER = "";
				SWIFT_OPTIMIZATION_LEVEL = "-Onone";
				SWIFT_VERSION = 3.0;
			};
			name = Debug;
		};
		B40D55051F40E046006DFC1F /* Release */ = {
			isa = XCBuildConfiguration;
			baseConfigurationReference = C919A35BA2F98977A2E72080 /* Pods-HappyMorning.release.xcconfig */;
			buildSettings = {
				ALWAYS_EMBED_SWIFT_STANDARD_LIBRARIES = YES;
				ASSETCATALOG_COMPILER_APPICON_NAME = AppIcon;
				CLANG_ENABLE_MODULES = YES;
				CODE_SIGN_IDENTITY = "iPhone Distribution";
				"CODE_SIGN_IDENTITY[sdk=iphoneos*]" = "iPhone Developer";
				DEVELOPMENT_TEAM = WN3QYBSRHG;
				ENABLE_BITCODE = NO;
				INFOPLIST_FILE = HappyMorning/Info.plist;
				LD_RUNPATH_SEARCH_PATHS = "$(inherited) @executable_path/Frameworks";
				PRODUCT_BUNDLE_IDENTIFIER = com.Arjun.HappyMorning;
				PRODUCT_NAME = "$(TARGET_NAME)";
				PROVISIONING_PROFILE_SPECIFIER = "";
				SWIFT_VERSION = 3.0;
			};
			name = Release;
		};
/* End XCBuildConfiguration section */

/* Begin XCConfigurationList section */
		B40D54EC1F40E046006DFC1F /* Build configuration list for PBXProject "HappyMorning" */ = {
			isa = XCConfigurationList;
			buildConfigurations = (
				B40D55011F40E046006DFC1F /* Debug */,
				B40D55021F40E046006DFC1F /* Release */,
			);
			defaultConfigurationIsVisible = 0;
			defaultConfigurationName = Release;
		};
		B40D55031F40E046006DFC1F /* Build configuration list for PBXNativeTarget "HappyMorning" */ = {
			isa = XCConfigurationList;
			buildConfigurations = (
				B40D55041F40E046006DFC1F /* Debug */,
				B40D55051F40E046006DFC1F /* Release */,
			);
			defaultConfigurationIsVisible = 0;
			defaultConfigurationName = Release;
		};
/* End XCConfigurationList section */
	};
	rootObject = B40D54E91F40E046006DFC1F /* Project object */;
}
